
Microsoft Visual Studio Solution File, Format Version 12.00
# Visual Studio 15
Project("{FAE04EC0-301F-11D3-BF4B-00C04F79EFBC}") = "lab1", "lab1.csproj", "{B2CA7291-CF02-4BD1-AD7C-64C068A920FE}"
EndProject
Global
	GlobalSection(SolutionConfigurationPlatforms) = preSolution
		Debug|Any CPU = Debug|Any CPU
		Release|Any CPU = Release|Any CPU
	EndGlobalSection
	GlobalSection(ProjectConfigurationPlatforms) = postSolution
		{B2CA7291-CF02-4BD1-AD7C-64C068A920FE}.Debug|Any CPU.ActiveCfg = Debug|Any CPU
		{B2CA7291-CF02-4BD1-AD7C-64C068A920FE}.Debug|Any CPU.Build.0 = Debug|Any CPU
		{B2CA7291-CF02-4BD1-AD7C-64C068A920FE}.Release|Any CPU.ActiveCfg = Release|Any CPU
		{B2CA7291-CF02-4BD1-AD7C-64C068A920FE}.Release|Any CPU.Build.0 = Release|Any CPU
	EndGlobalSection
EndGlobal
