
Microsoft Visual Studio Solution File, Format Version 12.00
# Visual Studio 15
Project("{FAE04EC0-301F-11D3-BF4B-00C04F79EFBC}") = "lab11", "lab11\lab11.csproj", "{93D38024-B598-4ACA-AADA-D59FF9A3AAAD}"
EndProject
Global
	GlobalSection(SolutionConfigurationPlatforms) = preSolution
		Debug|Any CPU = Debug|Any CPU
		Release|Any CPU = Release|Any CPU
	EndGlobalSection
	GlobalSection(ProjectConfigurationPlatforms) = postSolution
		{93D38024-B598-4ACA-AADA-D59FF9A3AAAD}.Debug|Any CPU.ActiveCfg = Debug|Any CPU
		{93D38024-B598-4ACA-AADA-D59FF9A3AAAD}.Debug|Any CPU.Build.0 = Debug|Any CPU
		{93D38024-B598-4ACA-AADA-D59FF9A3AAAD}.Release|Any CPU.ActiveCfg = Release|Any CPU
		{93D38024-B598-4ACA-AADA-D59FF9A3AAAD}.Release|Any CPU.Build.0 = Release|Any CPU
	EndGlobalSection
EndGlobal
