
Microsoft Visual Studio Solution File, Format Version 12.00
# Visual Studio 15
Project("{FAE04EC0-301F-11D3-BF4B-00C04F79EFBC}") = "lab7", "lab7\lab7.csproj", "{4F0FDE77-A0CF-4F6B-ACA6-28DBE31696E7}"
EndProject
Global
	GlobalSection(SolutionConfigurationPlatforms) = preSolution
		Debug|Any CPU = Debug|Any CPU
		Release|Any CPU = Release|Any CPU
	EndGlobalSection
	GlobalSection(ProjectConfigurationPlatforms) = postSolution
		{4F0FDE77-A0CF-4F6B-ACA6-28DBE31696E7}.Debug|Any CPU.ActiveCfg = Debug|Any CPU
		{4F0FDE77-A0CF-4F6B-ACA6-28DBE31696E7}.Debug|Any CPU.Build.0 = Debug|Any CPU
		{4F0FDE77-A0CF-4F6B-ACA6-28DBE31696E7}.Release|Any CPU.ActiveCfg = Release|Any CPU
		{4F0FDE77-A0CF-4F6B-ACA6-28DBE31696E7}.Release|Any CPU.Build.0 = Release|Any CPU
	EndGlobalSection
EndGlobal
